// !$*UTF8*$!
{
	archiveVersion = 1;
	classes = {
	};
	objectVersion = 56;
	objects = {

/* Begin PBXBuildFile section */
		3805E5F32A169E2C00923C07 /* PhoneBook.xcdatamodeld in Sources */ = {isa = PBXBuildFile; fileRef = 3805E5F12A169E2C00923C07 /* PhoneBook.xcdatamodeld */; };
		381B13DC2A167A7500E47E10 /* AppDelegate.swift in Sources */ = {isa = PBXBuildFile; fileRef = 381B13DB2A167A7500E47E10 /* AppDelegate.swift */; };
		381B13DE2A167A7500E47E10 /* SceneDelegate.swift in Sources */ = {isa = PBXBuildFile; fileRef = 381B13DD2A167A7500E47E10 /* SceneDelegate.swift */; };
		381B13E02A167A7500E47E10 /* ViewController.swift in Sources */ = {isa = PBXBuildFile; fileRef = 381B13DF2A167A7500E47E10 /* ViewController.swift */; };
		381B13E32A167A7500E47E10 /* Main.storyboard in Resources */ = {isa = PBXBuildFile; fileRef = 381B13E12A167A7500E47E10 /* Main.storyboard */; };
		381B13E52A167A7500E47E10 /* Assets.xcassets in Resources */ = {isa = PBXBuildFile; fileRef = 381B13E42A167A7500E47E10 /* Assets.xcassets */; };
		381B13E82A167A7500E47E10 /* LaunchScreen.storyboard in Resources */ = {isa = PBXBuildFile; fileRef = 381B13E62A167A7500E47E10 /* LaunchScreen.storyboard */; };
		381B13F02A167D5600E47E10 /* PersonCellTableViewCell.swift in Sources */ = {isa = PBXBuildFile; fileRef = 381B13EF2A167D5600E47E10 /* PersonCellTableViewCell.swift */; };
		381B13F42A16812000E47E10 /* CreateContactViewController.swift in Sources */ = {isa = PBXBuildFile; fileRef = 381B13F32A16812000E47E10 /* CreateContactViewController.swift */; };
		381B13F62A16816C00E47E10 /* UpdateTheContactViewController.swift in Sources */ = {isa = PBXBuildFile; fileRef = 381B13F52A16816C00E47E10 /* UpdateTheContactViewController.swift */; };
		381B13F82A16819400E47E10 /* PersonDetailViewController.swift in Sources */ = {isa = PBXBuildFile; fileRef = 381B13F72A16819400E47E10 /* PersonDetailViewController.swift */; };
/* End PBXBuildFile section */

/* Begin PBXFileReference section */
		3805E5F22A169E2C00923C07 /* PhoneBook.xcdatamodel */ = {isa = PBXFileReference; lastKnownFileType = wrapper.xcdatamodel; path = PhoneBook.xcdatamodel; sourceTree = "<group>"; };
		381B13D82A167A7500E47E10 /* PhoneBook.app */ = {isa = PBXFileReference; explicitFileType = wrapper.application; includeInIndex = 0; path = PhoneBook.app; sourceTree = BUILT_PRODUCTS_DIR; };
		381B13DB2A167A7500E47E10 /* AppDelegate.swift */ = {isa = PBXFileReference; lastKnownFileType = sourcecode.swift; path = AppDelegate.swift; sourceTree = "<group>"; };
		381B13DD2A167A7500E47E10 /* SceneDelegate.swift */ = {isa = PBXFileReference; lastKnownFileType = sourcecode.swift; path = SceneDelegate.swift; sourceTree = "<group>"; };
		381B13DF2A167A7500E47E10 /* ViewController.swift */ = {isa = PBXFileReference; lastKnownFileType = sourcecode.swift; path = ViewController.swift; sourceTree = "<group>"; };
		381B13E22A167A7500E47E10 /* Base */ = {isa = PBXFileReference; lastKnownFileType = file.storyboard; name = Base; path = Base.lproj/Main.storyboard; sourceTree = "<group>"; };
		381B13E42A167A7500E47E10 /* Assets.xcassets */ = {isa = PBXFileReference; lastKnownFileType = folder.assetcatalog; path = Assets.xcassets; sourceTree = "<group>"; };
		381B13E72A167A7500E47E10 /* Base */ = {isa = PBXFileReference; lastKnownFileType = file.storyboard; name = Base; path = Base.lproj/LaunchScreen.storyboard; sourceTree = "<group>"; };
		381B13E92A167A7500E47E10 /* Info.plist */ = {isa = PBXFileReference; lastKnownFileType = text.plist.xml; path = Info.plist; sourceTree = "<group>"; };
		381B13EF2A167D5600E47E10 /* PersonCellTableViewCell.swift */ = {isa = PBXFileReference; lastKnownFileType = sourcecode.swift; path = PersonCellTableViewCell.swift; sourceTree = "<group>"; };
		381B13F32A16812000E47E10 /* CreateContactViewController.swift */ = {isa = PBXFileReference; lastKnownFileType = sourcecode.swift; path = CreateContactViewController.swift; sourceTree = "<group>"; };
		381B13F52A16816C00E47E10 /* UpdateTheContactViewController.swift */ = {isa = PBXFileReference; lastKnownFileType = sourcecode.swift; path = UpdateTheContactViewController.swift; sourceTree = "<group>"; };
		381B13F72A16819400E47E10 /* PersonDetailViewController.swift */ = {isa = PBXFileReference; lastKnownFileType = sourcecode.swift; path = PersonDetailViewController.swift; sourceTree = "<group>"; };
/* End PBXFileReference section */

/* Begin PBXFrameworksBuildPhase section */
		381B13D52A167A7500E47E10 /* Frameworks */ = {
			isa = PBXFrameworksBuildPhase;
			buildActionMask = 2147483647;
			files = (
			);
			runOnlyForDeploymentPostprocessing = 0;
		};
/* End PBXFrameworksBuildPhase section */

/* Begin PBXGroup section */
		381B13CF2A167A7500E47E10 = {
			isa = PBXGroup;
			children = (
				381B13DA2A167A7500E47E10 /* PhoneBook */,
				381B13D92A167A7500E47E10 /* Products */,
			);
			sourceTree = "<group>";
		};
		381B13D92A167A7500E47E10 /* Products */ = {
			isa = PBXGroup;
			children = (
				381B13D82A167A7500E47E10 /* PhoneBook.app */,
			);
			name = Products;
			sourceTree = "<group>";
		};
		381B13DA2A167A7500E47E10 /* PhoneBook */ = {
			isa = PBXGroup;
			children = (
				381B13DB2A167A7500E47E10 /* AppDelegate.swift */,
				381B13DD2A167A7500E47E10 /* SceneDelegate.swift */,
				381B13DF2A167A7500E47E10 /* ViewController.swift */,
				381B13E12A167A7500E47E10 /* Main.storyboard */,
				3805E5F12A169E2C00923C07 /* PhoneBook.xcdatamodeld */,
				381B13F32A16812000E47E10 /* CreateContactViewController.swift */,
				381B13F52A16816C00E47E10 /* UpdateTheContactViewController.swift */,
				381B13F72A16819400E47E10 /* PersonDetailViewController.swift */,
				381B13EF2A167D5600E47E10 /* PersonCellTableViewCell.swift */,
				381B13E42A167A7500E47E10 /* Assets.xcassets */,
				381B13E62A167A7500E47E10 /* LaunchScreen.storyboard */,
				381B13E92A167A7500E47E10 /* Info.plist */,
			);
			path = PhoneBook;
			sourceTree = "<group>";
		};
/* End PBXGroup section */

/* Begin PBXNativeTarget section */
		381B13D72A167A7500E47E10 /* PhoneBook */ = {
			isa = PBXNativeTarget;
			buildConfigurationList = 381B13EC2A167A7500E47E10 /* Build configuration list for PBXNativeTarget "PhoneBook" */;
			buildPhases = (
				381B13D42A167A7500E47E10 /* Sources */,
				381B13D52A167A7500E47E10 /* Frameworks */,
				381B13D62A167A7500E47E10 /* Resources */,
			);
			buildRules = (
			);
			dependencies = (
			);
			name = PhoneBook;
			productName = PhoneBook;
			productReference = 381B13D82A167A7500E47E10 /* PhoneBook.app */;
			productType = "com.apple.product-type.application";
		};
/* End PBXNativeTarget section */

/* Begin PBXProject section */
		381B13D02A167A7500E47E10 /* Project object */ = {
			isa = PBXProject;
			attributes = {
				BuildIndependentTargetsInParallel = 1;
				LastSwiftUpdateCheck = 1420;
				LastUpgradeCheck = 1420;
				TargetAttributes = {
					381B13D72A167A7500E47E10 = {
						CreatedOnToolsVersion = 14.2;
					};
				};
			};
			buildConfigurationList = 381B13D32A167A7500E47E10 /* Build configuration list for PBXProject "PhoneBook" */;
			compatibilityVersion = "Xcode 14.0";
			developmentRegion = en;
			hasScannedForEncodings = 0;
			knownRegions = (
				en,
				Base,
			);
			mainGroup = 381B13CF2A167A7500E47E10;
			productRefGroup = 381B13D92A167A7500E47E10 /* Products */;
			projectDirPath = "";
			projectRoot = "";
			targets = (
				381B13D72A167A7500E47E10 /* PhoneBook */,
			);
		};
/* End PBXProject section */

/* Begin PBXResourcesBuildPhase section */
		381B13D62A167A7500E47E10 /* Resources */ = {
			isa = PBXResourcesBuildPhase;
			buildActionMask = 2147483647;
			files = (
				381B13E82A167A7500E47E10 /* LaunchScreen.storyboard in Resources */,
				381B13E52A167A7500E47E10 /* Assets.xcassets in Resources */,
				381B13E32A167A7500E47E10 /* Main.storyboard in Resources */,
			);
			runOnlyForDeploymentPostprocessing = 0;
		};
/* End PBXResourcesBuildPhase section */

/* Begin PBXSourcesBuildPhase section */
		381B13D42A167A7500E47E10 /* Sources */ = {
			isa = PBXSourcesBuildPhase;
			buildActionMask = 2147483647;
			files = (
				381B13E02A167A7500E47E10 /* ViewController.swift in Sources */,
				381B13DC2A167A7500E47E10 /* AppDelegate.swift in Sources */,
				381B13F42A16812000E47E10 /* CreateContactViewController.swift in Sources */,
				3805E5F32A169E2C00923C07 /* PhoneBook.xcdatamodeld in Sources */,
				381B13F02A167D5600E47E10 /* PersonCellTableViewCell.swift in Sources */,
				381B13F62A16816C00E47E10 /* UpdateTheContactViewController.swift in Sources */,
				381B13F82A16819400E47E10 /* PersonDetailViewController.swift in Sources */,
				381B13DE2A167A7500E47E10 /* SceneDelegate.swift in Sources */,
			);
			runOnlyForDeploymentPostprocessing = 0;
		};
/* End PBXSourcesBuildPhase section */

/* Begin PBXVariantGroup section */
		381B13E12A167A7500E47E10 /* Main.storyboard */ = {
			isa = PBXVariantGroup;
			children = (
				381B13E22A167A7500E47E10 /* Base */,
			);
			name = Main.storyboard;
			sourceTree = "<group>";
		};
		381B13E62A167A7500E47E10 /* LaunchScreen.storyboard */ = {
			isa = PBXVariantGroup;
			children = (
				381B13E72A167A7500E47E10 /* Base */,
			);
			name = LaunchScreen.storyboard;
			sourceTree = "<group>";
		};
/* End PBXVariantGroup section */

/* Begin XCBuildConfiguration section */
		381B13EA2A167A7500E47E10 /* Debug */ = {
			isa = XCBuildConfiguration;
			buildSettings = {
				ALWAYS_SEARCH_USER_PATHS = NO;
				CLANG_ANALYZER_NONNULL = YES;
				CLANG_ANALYZER_NUMBER_OBJECT_CONVERSION = YES_AGGRESSIVE;
				CLANG_CXX_LANGUAGE_STANDARD = "gnu++20";
				CLANG_ENABLE_MODULES = YES;
				CLANG_ENABLE_OBJC_ARC = YES;
				CLANG_ENABLE_OBJC_WEAK = YES;
				CLANG_WARN_BLOCK_CAPTURE_AUTORELEASING = YES;
				CLANG_WARN_BOOL_CONVERSION = YES;
				CLANG_WARN_COMMA = YES;
				CLANG_WARN_CONSTANT_CONVERSION = YES;
				CLANG_WARN_DEPRECATED_OBJC_IMPLEMENTATIONS = YES;
				CLANG_WARN_DIRECT_OBJC_ISA_USAGE = YES_ERROR;
				CLANG_WARN_DOCUMENTATION_COMMENTS = YES;
				CLANG_WARN_EMPTY_BODY = YES;
				CLANG_WARN_ENUM_CONVERSION = YES;
				CLANG_WARN_INFINITE_RECURSION = YES;
				CLANG_WARN_INT_CONVERSION = YES;
				CLANG_WARN_NON_LITERAL_NULL_CONVERSION = YES;
				CLANG_WARN_OBJC_IMPLICIT_RETAIN_SELF = YES;
				CLANG_WARN_OBJC_LITERAL_CONVERSION = YES;
				CLANG_WARN_OBJC_ROOT_CLASS = YES_ERROR;
				CLANG_WARN_QUOTED_INCLUDE_IN_FRAMEWORK_HEADER = YES;
				CLANG_WARN_RANGE_LOOP_ANALYSIS = YES;
				CLANG_WARN_STRICT_PROTOTYPES = YES;
				CLANG_WARN_SUSPICIOUS_MOVE = YES;
				CLANG_WARN_UNGUARDED_AVAILABILITY = YES_AGGRESSIVE;
				CLANG_WARN_UNREACHABLE_CODE = YES;
				CLANG_WARN__DUPLICATE_METHOD_MATCH = YES;
				COPY_PHASE_STRIP = NO;
				DEBUG_INFORMATION_FORMAT = dwarf;
				ENABLE_STRICT_OBJC_MSGSEND = YES;
				ENABLE_TESTABILITY = YES;
				GCC_C_LANGUAGE_STANDARD = gnu11;
				GCC_DYNAMIC_NO_PIC = NO;
				GCC_NO_COMMON_BLOCKS = YES;
				GCC_OPTIMIZATION_LEVEL = 0;
				GCC_PREPROCESSOR_DEFINITIONS = (
					"DEBUG=1",
					"$(inherited)",
				);
				GCC_WARN_64_TO_32_BIT_CONVERSION = YES;
				GCC_WARN_ABOUT_RETURN_TYPE = YES_ERROR;
				GCC_WARN_UNDECLARED_SELECTOR = YES;
				GCC_WARN_UNINITIALIZED_AUTOS = YES_AGGRESSIVE;
				GCC_WARN_UNUSED_FUNCTION = YES;
				GCC_WARN_UNUSED_VARIABLE = YES;
				IPHONEOS_DEPLOYMENT_TARGET = 16.2;
				MTL_ENABLE_DEBUG_INFO = INCLUDE_SOURCE;
				MTL_FAST_MATH = YES;
				ONLY_ACTIVE_ARCH = YES;
				SDKROOT = iphoneos;
				SWIFT_ACTIVE_COMPILATION_CONDITIONS = DEBUG;
				SWIFT_OPTIMIZATION_LEVEL = "-Onone";
			};
			name = Debug;
		};
		381B13EB2A167A7500E47E10 /* Release */ = {
			isa = XCBuildConfiguration;
			buildSettings = {
				ALWAYS_SEARCH_USER_PATHS = NO;
				CLANG_ANALYZER_NONNULL = YES;
				CLANG_ANALYZER_NUMBER_OBJECT_CONVERSION = YES_AGGRESSIVE;
				CLANG_CXX_LANGUAGE_STANDARD = "gnu++20";
				CLANG_ENABLE_MODULES = YES;
				CLANG_ENABLE_OBJC_ARC = YES;
				CLANG_ENABLE_OBJC_WEAK = YES;
				CLANG_WARN_BLOCK_CAPTURE_AUTORELEASING = YES;
				CLANG_WARN_BOOL_CONVERSION = YES;
				CLANG_WARN_COMMA = YES;
				CLANG_WARN_CONSTANT_CONVERSION = YES;
				CLANG_WARN_DEPRECATED_OBJC_IMPLEMENTATIONS = YES;
				CLANG_WARN_DIRECT_OBJC_ISA_USAGE = YES_ERROR;
				CLANG_WARN_DOCUMENTATION_COMMENTS = YES;
				CLANG_WARN_EMPTY_BODY = YES;
				CLANG_WARN_ENUM_CONVERSION = YES;
				CLANG_WARN_INFINITE_RECURSION = YES;
				CLANG_WARN_INT_CONVERSION = YES;
				CLANG_WARN_NON_LITERAL_NULL_CONVERSION = YES;
				CLANG_WARN_OBJC_IMPLICIT_RETAIN_SELF = YES;
				CLANG_WARN_OBJC_LITERAL_CONVERSION = YES;
				CLANG_WARN_OBJC_ROOT_CLASS = YES_ERROR;
				CLANG_WARN_QUOTED_INCLUDE_IN_FRAMEWORK_HEADER = YES;
				CLANG_WARN_RANGE_LOOP_ANALYSIS = YES;
				CLANG_WARN_STRICT_PROTOTYPES = YES;
				CLANG_WARN_SUSPICIOUS_MOVE = YES;
				CLANG_WARN_UNGUARDED_AVAILABILITY = YES_AGGRESSIVE;
				CLANG_WARN_UNREACHABLE_CODE = YES;
				CLANG_WARN__DUPLICATE_METHOD_MATCH = YES;
				COPY_PHASE_STRIP = NO;
				DEBUG_INFORMATION_FORMAT = "dwarf-with-dsym";
				ENABLE_NS_ASSERTIONS = NO;
				ENABLE_STRICT_OBJC_MSGSEND = YES;
				GCC_C_LANGUAGE_STANDARD = gnu11;
				GCC_NO_COMMON_BLOCKS = YES;
				GCC_WARN_64_TO_32_BIT_CONVERSION = YES;
				GCC_WARN_ABOUT_RETURN_TYPE = YES_ERROR;
				GCC_WARN_UNDECLARED_SELECTOR = YES;
				GCC_WARN_UNINITIALIZED_AUTOS = YES_AGGRESSIVE;
				GCC_WARN_UNUSED_FUNCTION = YES;
				GCC_WARN_UNUSED_VARIABLE = YES;
				IPHONEOS_DEPLOYMENT_TARGET = 16.2;
				MTL_ENABLE_DEBUG_INFO = NO;
				MTL_FAST_MATH = YES;
				SDKROOT = iphoneos;
				SWIFT_COMPILATION_MODE = wholemodule;
				SWIFT_OPTIMIZATION_LEVEL = "-O";
				VALIDATE_PRODUCT = YES;
			};
			name = Release;
		};
		381B13ED2A167A7500E47E10 /* Debug */ = {
			isa = XCBuildConfiguration;
			buildSettings = {
				ASSETCATALOG_COMPILER_APPICON_NAME = AppIcon;
				ASSETCATALOG_COMPILER_GLOBAL_ACCENT_COLOR_NAME = AccentColor;
				CODE_SIGN_STYLE = Automatic;
				CURRENT_PROJECT_VERSION = 1;
				DEVELOPMENT_TEAM = S274C7V2R8;
				GENERATE_INFOPLIST_FILE = YES;
				INFOPLIST_FILE = PhoneBook/Info.plist;
				INFOPLIST_KEY_UIApplicationSupportsIndirectInputEvents = YES;
				INFOPLIST_KEY_UILaunchStoryboardName = LaunchScreen;
				INFOPLIST_KEY_UIMainStoryboardFile = Main;
				INFOPLIST_KEY_UISupportedInterfaceOrientations_iPad = "UIInterfaceOrientationPortrait UIInterfaceOrientationPortraitUpsideDown UIInterfaceOrientationLandscapeLeft UIInterfaceOrientationLandscapeRight";
				INFOPLIST_KEY_UISupportedInterfaceOrientations_iPhone = "UIInterfaceOrientationPortrait UIInterfaceOrientationLandscapeLeft UIInterfaceOrientationLandscapeRight";
				LD_RUNPATH_SEARCH_PATHS = (
					"$(inherited)",
					"@executable_path/Frameworks",
				);
				MARKETING_VERSION = 1.0;
				PRODUCT_BUNDLE_IDENTIFIER = com.ramimustafa.PhoneBook;
				PRODUCT_NAME = "$(TARGET_NAME)";
				SWIFT_EMIT_LOC_STRINGS = YES;
				SWIFT_VERSION = 5.0;
				TARGETED_DEVICE_FAMILY = "1,2";
			};
			name = Debug;
		};
		381B13EE2A167A7500E47E10 /* Release */ = {
			isa = XCBuildConfiguration;
			buildSettings = {
				ASSETCATALOG_COMPILER_APPICON_NAME = AppIcon;
				ASSETCATALOG_COMPILER_GLOBAL_ACCENT_COLOR_NAME = AccentColor;
				CODE_SIGN_STYLE = Automatic;
				CURRENT_PROJECT_VERSION = 1;
				DEVELOPMENT_TEAM = S274C7V2R8;
				GENERATE_INFOPLIST_FILE = YES;
				INFOPLIST_FILE = PhoneBook/Info.plist;
				INFOPLIST_KEY_UIApplicationSupportsIndirectInputEvents = YES;
				INFOPLIST_KEY_UILaunchStoryboardName = LaunchScreen;
				INFOPLIST_KEY_UIMainStoryboardFile = Main;
				INFOPLIST_KEY_UISupportedInterfaceOrientations_iPad = "UIInterfaceOrientationPortrait UIInterfaceOrientationPortraitUpsideDown UIInterfaceOrientationLandscapeLeft UIInterfaceOrientationLandscapeRight";
				INFOPLIST_KEY_UISupportedInterfaceOrientations_iPhone = "UIInterfaceOrientationPortrait UIInterfaceOrientationLandscapeLeft UIInterfaceOrientationLandscapeRight";
				LD_RUNPATH_SEARCH_PATHS = (
					"$(inherited)",
					"@executable_path/Frameworks",
				);
				MARKETING_VERSION = 1.0;
				PRODUCT_BUNDLE_IDENTIFIER = com.ramimustafa.PhoneBook;
				PRODUCT_NAME = "$(TARGET_NAME)";
				SWIFT_EMIT_LOC_STRINGS = YES;
				SWIFT_VERSION = 5.0;
				TARGETED_DEVICE_FAMILY = "1,2";
			};
			name = Release;
		};
/* End XCBuildConfiguration section */

/* Begin XCConfigurationList section */
		381B13D32A167A7500E47E10 /* Build configuration list for PBXProject "PhoneBook" */ = {
			isa = XCConfigurationList;
			buildConfigurations = (
				381B13EA2A167A7500E47E10 /* Debug */,
				381B13EB2A167A7500E47E10 /* Release */,
			);
			defaultConfigurationIsVisible = 0;
			defaultConfigurationName = Release;
		};
		381B13EC2A167A7500E47E10 /* Build configuration list for PBXNativeTarget "PhoneBook" */ = {
			isa = XCConfigurationList;
			buildConfigurations = (
				381B13ED2A167A7500E47E10 /* Debug */,
				381B13EE2A167A7500E47E10 /* Release */,
			);
			defaultConfigurationIsVisible = 0;
			defaultConfigurationName = Release;
		};
/* End XCConfigurationList section */

/* Begin XCVersionGroup section */
		3805E5F12A169E2C00923C07 /* PhoneBook.xcdatamodeld */ = {
			isa = XCVersionGroup;
			children = (
				3805E5F22A169E2C00923C07 /* PhoneBook.xcdatamodel */,
			);
			currentVersion = 3805E5F22A169E2C00923C07 /* PhoneBook.xcdatamodel */;
			path = PhoneBook.xcdatamodeld;
			sourceTree = "<group>";
			versionGroupType = wrapper.xcdatamodel;
		};
/* End XCVersionGroup section */
	};
	rootObject = 381B13D02A167A7500E47E10 /* Project object */;
}
